<?xml version="1.0" encoding="utf-8"?>
<Project ToolsVersion="4.0" xmlns="http://schemas.microsoft.com/developer/msbuild/2003">
  <ItemGroup>
    <Filter Include="Source Files">
      <UniqueIdentifier>{4FC737F1-C7A5-4376-A066-2A32D752A2FF}</UniqueIdentifier>
      <Extensions>cpp;c;cc;cxx;def;odl;idl;hpj;bat;asm;asmx</Extensions>
    </Filter>
    <Filter Include="Header Files">
      <UniqueIdentifier>{93995380-89BD-4b04-88EB-625FBE52EBFB}</UniqueIdentifier>
      <Extensions>h;hh;hpp;hxx;hm;inl;inc;xsd</Extensions>
    </Filter>
    <Filter Include="Resource Files">
      <UniqueIdentifier>{67DA6AB6-F800-4c08-8B7A-83BB121AAD01}</UniqueIdentifier>
      <Extensions>rc;ico;cur;bmp;dlg;rc2;rct;bin;rgs;gif;jpg;jpeg;jpe;resx;tiff;tif;png;wav;mfcribbon-ms</Extensions>
    </Filter>
    <Filter Include="Header Files\active_object">
      <UniqueIdentifier>{659552bf-313f-4c41-a96d-0fd9f08cee63}</UniqueIdentifier>
    </Filter>
    <Filter Include="Header Files\socket">
      <UniqueIdentifier>{bbb001fd-17b5-472b-8823-eb872a27e47f}</UniqueIdentifier>
    </Filter>
    <Filter Include="Source Files\active_object">
      <UniqueIdentifier>{fec0237f-87ad-4dc7-a8d8-f9314313ca9e}</UniqueIdentifier>
    </Filter>
  </ItemGroup>
  <ItemGroup>
    <Text Include="ReadMe.txt" />
  </ItemGroup>
  <ItemGroup>
    <ClInclude Include="stdafx.h">
      <Filter>Header Files</Filter>
    </ClInclude>
    <ClInclude Include="targetver.h">
      <Filter>Header Files</Filter>
    </ClInclude>
    <ClInclude Include="msg_handler.h">
      <Filter>Header Files\socket</Filter>
    </ClInclude>
    <ClInclude Include="server_listerner.h">
      <Filter>Header Files\socket</Filter>
    </ClInclude>
    <ClInclude Include="session_handler.h">
      <Filter>Header Files\socket</Filter>
    </ClInclude>
    <ClInclude Include="msg_with_header.h">
      <Filter>Header Files\socket</Filter>
    </ClInclude>
    <ClInclude Include="socket_session.h">
      <Filter>Header Files\socket</Filter>
    </ClInclude>
    <ClInclude Include="active.h">
      <Filter>Header Files\active_object</Filter>
    </ClInclude>
    <ClInclude Include="shared_queue.h">
      <Filter>Header Files\active_object</Filter>
    </ClInclude>
    <ClInclude Include="example_handler.h">
      <Filter>Header Files</Filter>
    </ClInclude>
  </ItemGroup>
  <ItemGroup>
    <ClCompile Include="stdafx.cpp">
      <Filter>Source Files</Filter>
    </ClCompile>
    <ClCompile Include="active.cpp">
      <Filter>Source Files\active_object</Filter>
    </ClCompile>
    <ClCompile Include="asio_test.cpp">
      <Filter>Source Files</Filter>
    </ClCompile>
  </ItemGroup>
</Project>